
Microsoft Visual Studio Solution File, Format Version 12.00
# Visual Studio Version 17
VisualStudioVersion = 17.14.36623.8
MinimumVisualStudioVersion = 10.0.40219.1
Project("{FAE04EC0-301F-11D3-BF4B-00C04F79EFBC}") = "EU_values", "EU_values\EU_values.csproj", "{D9D9A282-A5D4-4240-98C8-B362EB6F2C04}"
EndProject
Project("{54435603-DBB4-11D2-8724-00A0C9A8B90C}") = "EU Values", "EU Values\EU Values.vdproj", "{2F7D4D01-468A-B09D-FD14-4430029DCCB0}"
EndProject
Global
	GlobalSection(SolutionConfigurationPlatforms) = preSolution
		Debug|Any CPU = Debug|Any CPU
		Release|Any CPU = Release|Any CPU
	EndGlobalSection
	GlobalSection(ProjectConfigurationPlatforms) = postSolution
		{D9D9A282-A5D4-4240-98C8-B362EB6F2C04}.Debug|Any CPU.ActiveCfg = Debug|Any CPU
		{D9D9A282-A5D4-4240-98C8-B362EB6F2C04}.Debug|Any CPU.Build.0 = Debug|Any CPU
		{D9D9A282-A5D4-4240-98C8-B362EB6F2C04}.Release|Any CPU.ActiveCfg = Release|Any CPU
		{D9D9A282-A5D4-4240-98C8-B362EB6F2C04}.Release|Any CPU.Build.0 = Release|Any CPU
		{2F7D4D01-468A-B09D-FD14-4430029DCCB0}.Debug|Any CPU.ActiveCfg = Debug
		{2F7D4D01-468A-B09D-FD14-4430029DCCB0}.Release|Any CPU.ActiveCfg = Release
	EndGlobalSection
	GlobalSection(SolutionProperties) = preSolution
		HideSolutionNode = FALSE
	EndGlobalSection
	GlobalSection(ExtensibilityGlobals) = postSolution
		SolutionGuid = {0D7705C7-9262-4EDE-BF3A-31DB73B40A42}
	EndGlobalSection
EndGlobal
